
Microsoft Visual Studio Solution File, Format Version 12.00
# Visual Studio Version 17
VisualStudioVersion = 17.12.35527.113
MinimumVisualStudioVersion = 10.0.40219.1
Project("{FAE04EC0-301F-11D3-BF4B-00C04F79EFBC}") = "TrainingPlansApi", "TrainingPlansApi.csproj", "{6AC76BE4-A402-437C-B0CB-2B9CF20787FA}"
EndProject
Project("{FAE04EC0-301F-11D3-BF4B-00C04F79EFBC}") = "TrainingPlansApi.Tests", "..\TrainingPlansAPITests\TrainingPlansApi.Tests.csproj", "{6715D8BF-04BA-4F06-8649-1FD27784859A}"
EndProject
Global
	GlobalSection(SolutionConfigurationPlatforms) = preSolution
		Debug|Any CPU = Debug|Any CPU
		Release|Any CPU = Release|Any CPU
	EndGlobalSection
	GlobalSection(ProjectConfigurationPlatforms) = postSolution
		{6AC76BE4-A402-437C-B0CB-2B9CF20787FA}.Debug|Any CPU.ActiveCfg = Debug|Any CPU
		{6AC76BE4-A402-437C-B0CB-2B9CF20787FA}.Debug|Any CPU.Build.0 = Debug|Any CPU
		{6AC76BE4-A402-437C-B0CB-2B9CF20787FA}.Release|Any CPU.ActiveCfg = Release|Any CPU
		{6AC76BE4-A402-437C-B0CB-2B9CF20787FA}.Release|Any CPU.Build.0 = Release|Any CPU
		{6715D8BF-04BA-4F06-8649-1FD27784859A}.Debug|Any CPU.ActiveCfg = Debug|Any CPU
		{6715D8BF-04BA-4F06-8649-1FD27784859A}.Debug|Any CPU.Build.0 = Debug|Any CPU
		{6715D8BF-04BA-4F06-8649-1FD27784859A}.Release|Any CPU.ActiveCfg = Release|Any CPU
		{6715D8BF-04BA-4F06-8649-1FD27784859A}.Release|Any CPU.Build.0 = Release|Any CPU
	EndGlobalSection
	GlobalSection(SolutionProperties) = preSolution
		HideSolutionNode = FALSE
	EndGlobalSection
	GlobalSection(ExtensibilityGlobals) = postSolution
		SolutionGuid = {8B92D646-5A29-4638-A9E2-E749DC372387}
	EndGlobalSection
EndGlobal
